
Microsoft Visual Studio Solution File, Format Version 12.00
# Visual Studio 2012
Project("{FAE04EC0-301F-11D3-BF4B-00C04F79EFBC}") = "PokerTable.Game", "PokerTable.Game\PokerTable.Game.csproj", "{12653444-3340-4ADF-BDD0-6B8E955BF55E}"
EndProject
Project("{FAE04EC0-301F-11D3-BF4B-00C04F79EFBC}") = "PokerTable.Game.Tests", "PokerTable.Game.Tests\PokerTable.Game.Tests.csproj", "{96B3680B-9356-4385-A1F9-44DDE90BBE08}"
EndProject
Project("{FAE04EC0-301F-11D3-BF4B-00C04F79EFBC}") = "PokerTable.Web", "PokerTable.Web\PokerTable.Web.csproj", "{37D6807A-B79B-4262-A245-3A57ED91C743}"
EndProject
Project("{FAE04EC0-301F-11D3-BF4B-00C04F79EFBC}") = "PokerTable.Web.Tests", "PokerTable.Web.Tests\PokerTable.Web.Tests.csproj", "{B9BDAE0F-7556-4FF1-BBED-96F92424D3B5}"
EndProject
Global
	GlobalSection(SolutionConfigurationPlatforms) = preSolution
		Debug|Any CPU = Debug|Any CPU
		Release|Any CPU = Release|Any CPU
	EndGlobalSection
	GlobalSection(ProjectConfigurationPlatforms) = postSolution
		{12653444-3340-4ADF-BDD0-6B8E955BF55E}.Debug|Any CPU.ActiveCfg = Debug|Any CPU
		{12653444-3340-4ADF-BDD0-6B8E955BF55E}.Debug|Any CPU.Build.0 = Debug|Any CPU
		{12653444-3340-4ADF-BDD0-6B8E955BF55E}.Release|Any CPU.ActiveCfg = Release|Any CPU
		{12653444-3340-4ADF-BDD0-6B8E955BF55E}.Release|Any CPU.Build.0 = Release|Any CPU
		{96B3680B-9356-4385-A1F9-44DDE90BBE08}.Debug|Any CPU.ActiveCfg = Debug|Any CPU
		{96B3680B-9356-4385-A1F9-44DDE90BBE08}.Debug|Any CPU.Build.0 = Debug|Any CPU
		{96B3680B-9356-4385-A1F9-44DDE90BBE08}.Release|Any CPU.ActiveCfg = Release|Any CPU
		{96B3680B-9356-4385-A1F9-44DDE90BBE08}.Release|Any CPU.Build.0 = Release|Any CPU
		{37D6807A-B79B-4262-A245-3A57ED91C743}.Debug|Any CPU.ActiveCfg = Debug|Any CPU
		{37D6807A-B79B-4262-A245-3A57ED91C743}.Debug|Any CPU.Build.0 = Debug|Any CPU
		{37D6807A-B79B-4262-A245-3A57ED91C743}.Release|Any CPU.ActiveCfg = Release|Any CPU
		{37D6807A-B79B-4262-A245-3A57ED91C743}.Release|Any CPU.Build.0 = Release|Any CPU
		{B9BDAE0F-7556-4FF1-BBED-96F92424D3B5}.Debug|Any CPU.ActiveCfg = Debug|Any CPU
		{B9BDAE0F-7556-4FF1-BBED-96F92424D3B5}.Debug|Any CPU.Build.0 = Debug|Any CPU
		{B9BDAE0F-7556-4FF1-BBED-96F92424D3B5}.Release|Any CPU.ActiveCfg = Release|Any CPU
		{B9BDAE0F-7556-4FF1-BBED-96F92424D3B5}.Release|Any CPU.Build.0 = Release|Any CPU
	EndGlobalSection
	GlobalSection(SolutionProperties) = preSolution
		HideSolutionNode = FALSE
	EndGlobalSection
EndGlobal
